// !$*UTF8*$!
{
	archiveVersion = 1;
	classes = {
	};
	objectVersion = 56;
	objects = {

/* Begin PBXBuildFile section */
		362010B32BACB25000D051C3 /* main.cpp in Sources */ = {isa = PBXBuildFile; fileRef = 362010B22BACB25000D051C3 /* main.cpp */; };
		362010B62BACB25000D051C3 /* background.jpg in Resources */ = {isa = PBXBuildFile; fileRef = 362010B52BACB25000D051C3 /* background.jpg */; };
		362010B82BACB25000D051C3 /* doodle_pop.ogg in Resources */ = {isa = PBXBuildFile; fileRef = 362010B72BACB25000D051C3 /* doodle_pop.ogg */; };
		362010BA2BACB25000D051C3 /* tuffy.ttf in Resources */ = {isa = PBXBuildFile; fileRef = 362010B92BACB25000D051C3 /* tuffy.ttf */; };
		362010BC2BACB25000D051C3 /* icon.png in Resources */ = {isa = PBXBuildFile; fileRef = 362010BB2BACB25000D051C3 /* icon.png */; };
		368942352BC99D7C00E713C2 /* wall.jpg in Resources */ = {isa = PBXBuildFile; fileRef = 368942342BC99D7C00E713C2 /* wall.jpg */; };
/* End PBXBuildFile section */

/* Begin PBXFileReference section */
		362010AA2BACB25000D051C3 /* 3d-game.app */ = {isa = PBXFileReference; explicitFileType = wrapper.application; includeInIndex = 0; path = "3d-game.app"; sourceTree = BUILT_PRODUCTS_DIR; };
		362010AE2BACB25000D051C3 /* 3d-game-Info.plist */ = {isa = PBXFileReference; lastKnownFileType = text.plist.xml; name = "3d-game-Info.plist"; path = "../3d-game-Info.plist"; sourceTree = "<group>"; };
		362010B22BACB25000D051C3 /* main.cpp */ = {isa = PBXFileReference; lastKnownFileType = sourcecode.cpp.cpp; path = main.cpp; sourceTree = "<group>"; };
		362010B52BACB25000D051C3 /* background.jpg */ = {isa = PBXFileReference; lastKnownFileType = image.jpeg; name = background.jpg; path = ../background.jpg; sourceTree = "<group>"; };
		362010B72BACB25000D051C3 /* doodle_pop.ogg */ = {isa = PBXFileReference; lastKnownFileType = file; name = doodle_pop.ogg; path = ../doodle_pop.ogg; sourceTree = "<group>"; };
		362010B92BACB25000D051C3 /* tuffy.ttf */ = {isa = PBXFileReference; lastKnownFileType = file; name = tuffy.ttf; path = ../tuffy.ttf; sourceTree = "<group>"; };
		362010BB2BACB25000D051C3 /* icon.png */ = {isa = PBXFileReference; lastKnownFileType = image.png; name = icon.png; path = ../icon.png; sourceTree = "<group>"; };
		362010C22BACB71A00D051C3 /* 3d-game.entitlements */ = {isa = PBXFileReference; lastKnownFileType = text.plist.entitlements; path = "3d-game.entitlements"; sourceTree = "<group>"; };
		368942342BC99D7C00E713C2 /* wall.jpg */ = {isa = PBXFileReference; lastKnownFileType = image.jpeg; path = wall.jpg; sourceTree = "<group>"; };
/* End PBXFileReference section */

/* Begin PBXFrameworksBuildPhase section */
		362010A62BACB25000D051C3 /* Frameworks */ = {
			isa = PBXFrameworksBuildPhase;
			buildActionMask = 2147483647;
			files = (
			);
			runOnlyForDeploymentPostprocessing = 0;
		};
/* End PBXFrameworksBuildPhase section */

/* Begin PBXGroup section */
		362010A02BACB25000D051C3 = {
			isa = PBXGroup;
			children = (
				362010AC2BACB25000D051C3 /* 3d-game */,
				362010AB2BACB25000D051C3 /* Products */,
			);
			sourceTree = "<group>";
		};
		362010AB2BACB25000D051C3 /* Products */ = {
			isa = PBXGroup;
			children = (
				362010AA2BACB25000D051C3 /* 3d-game.app */,
			);
			name = Products;
			sourceTree = "<group>";
		};
		362010AC2BACB25000D051C3 /* 3d-game */ = {
			isa = PBXGroup;
			children = (
				368942342BC99D7C00E713C2 /* wall.jpg */,
				362010C22BACB71A00D051C3 /* 3d-game.entitlements */,
				362010B22BACB25000D051C3 /* main.cpp */,
				362010B42BACB25000D051C3 /* Resources */,
				362010AD2BACB25000D051C3 /* Supporting Files */,
			);
			path = "3d-game";
			sourceTree = "<group>";
		};
		362010AD2BACB25000D051C3 /* Supporting Files */ = {
			isa = PBXGroup;
			children = (
				362010AE2BACB25000D051C3 /* 3d-game-Info.plist */,
			);
			path = "Supporting Files";
			sourceTree = "<group>";
		};
		362010B42BACB25000D051C3 /* Resources */ = {
			isa = PBXGroup;
			children = (
				362010B52BACB25000D051C3 /* background.jpg */,
				362010B72BACB25000D051C3 /* doodle_pop.ogg */,
				362010B92BACB25000D051C3 /* tuffy.ttf */,
				362010BB2BACB25000D051C3 /* icon.png */,
			);
			path = Resources;
			sourceTree = "<group>";
		};
/* End PBXGroup section */

/* Begin PBXNativeTarget section */
		362010A92BACB25000D051C3 /* 3d-game */ = {
			isa = PBXNativeTarget;
			buildConfigurationList = 362010BF2BACB25000D051C3 /* Build configuration list for PBXNativeTarget "3d-game" */;
			buildPhases = (
				362010A52BACB25000D051C3 /* Sources */,
				362010A62BACB25000D051C3 /* Frameworks */,
				362010A72BACB25000D051C3 /* Resources */,
				362010A82BACB25000D051C3 /* ShellScript */,
			);
			buildRules = (
			);
			dependencies = (
			);
			name = "3d-game";
			productName = "3d-game";
			productReference = 362010AA2BACB25000D051C3 /* 3d-game.app */;
			productType = "com.apple.product-type.application";
		};
/* End PBXNativeTarget section */

/* Begin PBXProject section */
		362010A12BACB25000D051C3 /* Project object */ = {
			isa = PBXProject;
			attributes = {
				BuildIndependentTargetsInParallel = 1;
				LastUpgradeCheck = 1400;
				ORGANIZATIONNAME = "Fedor Shevtsev";
				TargetAttributes = {
					362010A92BACB25000D051C3 = {
						CreatedOnToolsVersion = 14.0.1;
					};
				};
			};
			buildConfigurationList = 362010A42BACB25000D051C3 /* Build configuration list for PBXProject "3d-game" */;
			compatibilityVersion = "Xcode 14.0";
			developmentRegion = en;
			hasScannedForEncodings = 0;
			knownRegions = (
				en,
				Base,
			);
			mainGroup = 362010A02BACB25000D051C3;
			productRefGroup = 362010AB2BACB25000D051C3 /* Products */;
			projectDirPath = "";
			projectRoot = "";
			targets = (
				362010A92BACB25000D051C3 /* 3d-game */,
			);
		};
/* End PBXProject section */

/* Begin PBXResourcesBuildPhase section */
		362010A72BACB25000D051C3 /* Resources */ = {
			isa = PBXResourcesBuildPhase;
			buildActionMask = 2147483647;
			files = (
				362010BC2BACB25000D051C3 /* icon.png in Resources */,
				368942352BC99D7C00E713C2 /* wall.jpg in Resources */,
				362010B82BACB25000D051C3 /* doodle_pop.ogg in Resources */,
				362010B62BACB25000D051C3 /* background.jpg in Resources */,
				362010BA2BACB25000D051C3 /* tuffy.ttf in Resources */,
			);
			runOnlyForDeploymentPostprocessing = 0;
		};
/* End PBXResourcesBuildPhase section */

/* Begin PBXShellScriptBuildPhase section */
		362010A82BACB25000D051C3 /* ShellScript */ = {
			isa = PBXShellScriptBuildPhase;
			buildActionMask = 8;
			files = (
			);
			inputFileListPaths = (
			);
			inputPaths = (
			);
			outputFileListPaths = (
			);
			outputPaths = (
			);
			runOnlyForDeploymentPostprocessing = 1;
			shellPath = /bin/sh;
			shellScript = "# This shell script simply copies required SFML dylibs/frameworks into the application bundle frameworks folder.\n# If you're using static libraries (which is not recommended) you should remove this script from your project.\n\n# SETTINGS\nSFML_DEPENDENCIES_INSTALL_PREFIX=\"\"\nCMAKE_INSTALL_FRAMEWORK_PREFIX=\"/Users/sfml/Desktop/package/tmp/install/Library/Frameworks\"\nCMAKE_INSTALL_LIB_PREFIX=\"/Users/sfml/Desktop/package/tmp/install/Library/Frameworks/lib\"\nFRAMEWORKS_FULL_PATH=\"$BUILT_PRODUCTS_DIR/$FRAMEWORKS_FOLDER_PATH/\"\n\n# Are we building a project that uses frameworks or dylibs?\ncase \"$SFML_BINARY_TYPE\" in\n    DYLIBS)\n        frameworks=\"false\"\n        ;;\n    *)\n        frameworks=\"true\"\n        ;;\nesac\n\n# Echoes to stderr\nerror () # $* message to display\n{\n    echo $* 1>&2\n    exit 2\n}\n\nassert () # $1 is a boolean, $2...N is an error message\n{\n    if [ $# -lt 2 ]\n    then\n        error \"Internal error in assert: not enough args\"\n    fi\n\n    if [ $1 -ne 0 ]\n    then\n        shift\n        error \"$*\"\n    fi\n}\n\nforce_remove () # $@ is some paths\n{\n    test $# -ge 1\n    assert $? \"force_remove() requires at least one parameter\"\n    rm -fr $@\n    assert $? \"couldn't remove $@\"\n}\n\ncopy () # $1 is a source, $2 is a destination\n{\n    test $# -eq 2\n    assert $? \"copy() requires two parameters\"\n    ditto \"$1\" \"$2\"\n    assert $? \"couldn't copy $1 to $2\"\n}\n\nrequire () # $1 is a SFML module like 'system' or 'audio'\n{\n    dest=\"$BUILT_PRODUCTS_DIR/$FRAMEWORKS_FOLDER_PATH/\"\n\n    if [ -z \"$1\" ]\n    then\n        error \"require() requires one parameter!\"\n    else\n        # clean potentially old stuff\n        force_remove \"$dest/libsfml-$1\"*\n        force_remove \"$dest/sfml-$1.framework\"\n\n        # copy SFML libraries\n        if [ \"$frameworks\" = \"true\" ]\n        then\n            source=\"$CMAKE_INSTALL_FRAMEWORK_PREFIX/sfml-$1.framework\"\n            target=\"sfml-$1.framework\"\n        elif [ \"$SFML_LINK_DYLIBS_SUFFIX\" = \"-d\" ]\n        then\n            source=\"$CMAKE_INSTALL_LIB_PREFIX/libsfml-$1-d.dylib\"\n            target=\"`readlink $source`\"\n        else\n            source=\"$CMAKE_INSTALL_LIB_PREFIX/libsfml-$1.dylib\"\n            target=\"`readlink $source`\"\n        fi\n\n        copy \"$source\" \"$dest/$target\"\n\n        # copy extra dependencies\n        if [ \"$1\" = \"audio\" ]\n        then\n            # copy \"FLAC\" \"ogg\" \"vorbis\" \"vorbisenc\" \"vorbisfile\" \"OpenAL\" frameworks too\n            for f in \"FLAC\" \"ogg\" \"vorbis\" \"vorbisenc\" \"vorbisfile\" \"OpenAL\"\n            do\n                copy \"$SFML_DEPENDENCIES_INSTALL_PREFIX/$f.framework\" \"$dest/$f.framework\"\n            done\n        elif [ \"$1\" = \"graphics\" ]\n        then\n            copy \"$SFML_DEPENDENCIES_INSTALL_PREFIX/freetype.framework\" \"$dest/freetype.framework\"\n        fi\n    fi\n}\n\nif [ -n \"$SFML_SYSTEM\" ]\nthen\n    require \"system\"\nfi\n\nif [ -n \"$SFML_AUDIO\" ]\nthen\n    require \"audio\"\nfi\n\nif [ -n \"$SFML_NETWORK\" ]\nthen\n    require \"network\"\nfi\n\nif [ -n \"$SFML_WINDOW\" ]\nthen\n    require \"window\"\nfi\n\nif [ -n \"$SFML_GRAPHICS\" ]\nthen\n    require \"graphics\"\nfi\n\n                \n";
		};
/* End PBXShellScriptBuildPhase section */

/* Begin PBXSourcesBuildPhase section */
		362010A52BACB25000D051C3 /* Sources */ = {
			isa = PBXSourcesBuildPhase;
			buildActionMask = 2147483647;
			files = (
				362010B32BACB25000D051C3 /* main.cpp in Sources */,
			);
			runOnlyForDeploymentPostprocessing = 0;
		};
/* End PBXSourcesBuildPhase section */

/* Begin XCBuildConfiguration section */
		362010BD2BACB25000D051C3 /* Debug */ = {
			isa = XCBuildConfiguration;
			buildSettings = {
				ARCHS = "$(NATIVE_ARCH_ACTUAL)";
				CLANG_CXX_LANGUAGE_STANDARD = "c++11";
				CLANG_CXX_LIBRARY = "libc++";
				FRAMEWORK_SEARCH_PATHS = (
					/Library/Frameworks/,
					"$(inherited)",
				);
				GCC_VERSION = com.apple.compilers.llvm.clang.1_0;
				HEADER_SEARCH_PATHS = (
					/usr/local/include/,
					"$(inherited)",
				);
				LIBRARY_SEARCH_PATHS = (
					/usr/local/lib/,
					"$(inherited)",
				);
				MACOSX_DEPLOYMENT_TARGET = 10.15;
				OTHER_LDFLAGS = (
					"$(inherited)",
					"$(SFML_SYSTEM)",
					"$(SFML_WINDOW)",
					"$(SFML_GRAPHICS)",
					"$(SFML_AUDIO)",
					"$(SFML_NETWORK)",
				);
				SFML_AUDIO = "$(SFML_LINK_PREFIX) sfml-audio$(SFML_LINK_SUFFIX)";
				SFML_BINARY_TYPE = FRAMEWORKS;
				SFML_GRAPHICS = "$(SFML_LINK_PREFIX) sfml-graphics$(SFML_LINK_SUFFIX)";
				SFML_LINK_DYLIBS_PREFIX = "-l";
				SFML_LINK_DYLIBS_SUFFIX = "";
				SFML_LINK_FRAMEWORKS_PREFIX = "-framework";
				SFML_LINK_FRAMEWORKS_SUFFIX = "";
				SFML_LINK_PREFIX = "$(SFML_LINK_$(SFML_BINARY_TYPE)_PREFIX)";
				SFML_LINK_SUFFIX = "$(SFML_LINK_$(SFML_BINARY_TYPE)_SUFFIX)";
				SFML_NETWORK = "$(SFML_LINK_PREFIX) sfml-network$(SFML_LINK_SUFFIX)";
				SFML_SYSTEM = "$(SFML_LINK_PREFIX) sfml-system$(SFML_LINK_SUFFIX)";
				SFML_WINDOW = "$(SFML_LINK_PREFIX) sfml-window$(SFML_LINK_SUFFIX)";
				SUPPORTED_PLATFORMS = macosx;
			};
			name = Debug;
		};
		362010BE2BACB25000D051C3 /* Release */ = {
			isa = XCBuildConfiguration;
			buildSettings = {
				ARCHS = "$(NATIVE_ARCH_ACTUAL)";
				CLANG_CXX_LANGUAGE_STANDARD = "c++11";
				CLANG_CXX_LIBRARY = "libc++";
				FRAMEWORK_SEARCH_PATHS = (
					/Library/Frameworks/,
					"$(inherited)",
				);
				GCC_VERSION = com.apple.compilers.llvm.clang.1_0;
				HEADER_SEARCH_PATHS = (
					/usr/local/include/,
					"$(inherited)",
				);
				LIBRARY_SEARCH_PATHS = (
					/usr/local/lib/,
					"$(inherited)",
				);
				MACOSX_DEPLOYMENT_TARGET = 10.15;
				OTHER_LDFLAGS = (
					"$(inherited)",
					"$(SFML_SYSTEM)",
					"$(SFML_WINDOW)",
					"$(SFML_GRAPHICS)",
					"$(SFML_AUDIO)",
					"$(SFML_NETWORK)",
				);
				SFML_AUDIO = "$(SFML_LINK_PREFIX) sfml-audio$(SFML_LINK_SUFFIX)";
				SFML_BINARY_TYPE = FRAMEWORKS;
				SFML_GRAPHICS = "$(SFML_LINK_PREFIX) sfml-graphics$(SFML_LINK_SUFFIX)";
				SFML_LINK_DYLIBS_PREFIX = "-l";
				SFML_LINK_DYLIBS_SUFFIX = "";
				SFML_LINK_FRAMEWORKS_PREFIX = "-framework";
				SFML_LINK_FRAMEWORKS_SUFFIX = "";
				SFML_LINK_PREFIX = "$(SFML_LINK_$(SFML_BINARY_TYPE)_PREFIX)";
				SFML_LINK_SUFFIX = "$(SFML_LINK_$(SFML_BINARY_TYPE)_SUFFIX)";
				SFML_NETWORK = "$(SFML_LINK_PREFIX) sfml-network$(SFML_LINK_SUFFIX)";
				SFML_SYSTEM = "$(SFML_LINK_PREFIX) sfml-system$(SFML_LINK_SUFFIX)";
				SFML_WINDOW = "$(SFML_LINK_PREFIX) sfml-window$(SFML_LINK_SUFFIX)";
				SUPPORTED_PLATFORMS = macosx;
			};
			name = Release;
		};
		362010C02BACB25000D051C3 /* Debug */ = {
			isa = XCBuildConfiguration;
			buildSettings = {
				CODE_SIGN_ENTITLEMENTS = "3d-game/3d-game.entitlements";
				CODE_SIGN_STYLE = Automatic;
				DEVELOPMENT_TEAM = 37UG7R67SC;
				ENABLE_HARDENED_RUNTIME = YES;
				INFOPLIST_FILE = "3d-game/3d-game-Info.plist";
				LD_RUNPATH_SEARCH_PATHS = "@loader_path/../Frameworks";
				PRODUCT_NAME = "$(TARGET_NAME)";
			};
			name = Debug;
		};
		362010C12BACB25000D051C3 /* Release */ = {
			isa = XCBuildConfiguration;
			buildSettings = {
				CODE_SIGN_ENTITLEMENTS = "3d-game/3d-game.entitlements";
				CODE_SIGN_STYLE = Automatic;
				DEVELOPMENT_TEAM = 37UG7R67SC;
				ENABLE_HARDENED_RUNTIME = YES;
				INFOPLIST_FILE = "3d-game/3d-game-Info.plist";
				LD_RUNPATH_SEARCH_PATHS = "@loader_path/../Frameworks";
				PRODUCT_NAME = "$(TARGET_NAME)";
			};
			name = Release;
		};
/* End XCBuildConfiguration section */

/* Begin XCConfigurationList section */
		362010A42BACB25000D051C3 /* Build configuration list for PBXProject "3d-game" */ = {
			isa = XCConfigurationList;
			buildConfigurations = (
				362010BD2BACB25000D051C3 /* Debug */,
				362010BE2BACB25000D051C3 /* Release */,
			);
			defaultConfigurationIsVisible = 0;
			defaultConfigurationName = Release;
		};
		362010BF2BACB25000D051C3 /* Build configuration list for PBXNativeTarget "3d-game" */ = {
			isa = XCConfigurationList;
			buildConfigurations = (
				362010C02BACB25000D051C3 /* Debug */,
				362010C12BACB25000D051C3 /* Release */,
			);
			defaultConfigurationIsVisible = 0;
			defaultConfigurationName = Release;
		};
/* End XCConfigurationList section */
	};
	rootObject = 362010A12BACB25000D051C3 /* Project object */;
}
